
Microsoft Visual Studio Solution File, Format Version 12.00
# Visual Studio Version 17
VisualStudioVersion = 17.3.32608.213
MinimumVisualStudioVersion = 10.0.40219.1
Project("{FAE04EC0-301F-11D3-BF4B-00C04F79EFBC}") = "ClassLibrary4", "ClassLibrary4\ClassLibrary4.csproj", "{4A401504-6C31-4A14-961C-34945500506F}"
EndProject
Global
	GlobalSection(SolutionConfigurationPlatforms) = preSolution
		Debug|Any CPU = Debug|Any CPU
		Release|Any CPU = Release|Any CPU
	EndGlobalSection
	GlobalSection(ProjectConfigurationPlatforms) = postSolution
		{4A401504-6C31-4A14-961C-34945500506F}.Debug|Any CPU.ActiveCfg = Debug|Any CPU
		{4A401504-6C31-4A14-961C-34945500506F}.Debug|Any CPU.Build.0 = Debug|Any CPU
		{4A401504-6C31-4A14-961C-34945500506F}.Release|Any CPU.ActiveCfg = Release|Any CPU
		{4A401504-6C31-4A14-961C-34945500506F}.Release|Any CPU.Build.0 = Release|Any CPU
	EndGlobalSection
	GlobalSection(SolutionProperties) = preSolution
		HideSolutionNode = FALSE
	EndGlobalSection
	GlobalSection(ExtensibilityGlobals) = postSolution
		SolutionGuid = {87708A55-AB37-4CAE-BDF4-7814161C1ADD}
	EndGlobalSection
EndGlobal
